
Microsoft Visual Studio Solution File, Format Version 12.00
# Visual Studio Version 17
VisualStudioVersion = 17.8.34330.188
MinimumVisualStudioVersion = 10.0.40219.1
Project("{FAE04EC0-301F-11D3-BF4B-00C04F79EFBC}") = "Talabat.APIs", "Talabat.APIs\Talabat.APIs.csproj", "{69CCD08E-E6B2-43B4-9950-D78FB7864A82}"
EndProject
Project("{FAE04EC0-301F-11D3-BF4B-00C04F79EFBC}") = "Talabat.Core", "Talabat.Core\Talabat.Core.csproj", "{3E0B348B-D550-44A3-BBC6-35BA17C52523}"
EndProject
Project("{FAE04EC0-301F-11D3-BF4B-00C04F79EFBC}") = "Talabat.Repository", "Talabat.Repository\Talabat.Repository.csproj", "{4FA18407-DAF4-45D7-BB19-B2A867E09E68}"
EndProject
Project("{FAE04EC0-301F-11D3-BF4B-00C04F79EFBC}") = "Talabat.Service", "Talabat.Service\Talabat.Service.csproj", "{233B4AC6-F731-40CA-9D4B-D593703A076B}"
EndProject
Global
	GlobalSection(SolutionConfigurationPlatforms) = preSolution
		Debug|Any CPU = Debug|Any CPU
		Release|Any CPU = Release|Any CPU
	EndGlobalSection
	GlobalSection(ProjectConfigurationPlatforms) = postSolution
		{69CCD08E-E6B2-43B4-9950-D78FB7864A82}.Debug|Any CPU.ActiveCfg = Debug|Any CPU
		{69CCD08E-E6B2-43B4-9950-D78FB7864A82}.Debug|Any CPU.Build.0 = Debug|Any CPU
		{69CCD08E-E6B2-43B4-9950-D78FB7864A82}.Release|Any CPU.ActiveCfg = Release|Any CPU
		{69CCD08E-E6B2-43B4-9950-D78FB7864A82}.Release|Any CPU.Build.0 = Release|Any CPU
		{3E0B348B-D550-44A3-BBC6-35BA17C52523}.Debug|Any CPU.ActiveCfg = Debug|Any CPU
		{3E0B348B-D550-44A3-BBC6-35BA17C52523}.Debug|Any CPU.Build.0 = Debug|Any CPU
		{3E0B348B-D550-44A3-BBC6-35BA17C52523}.Release|Any CPU.ActiveCfg = Release|Any CPU
		{3E0B348B-D550-44A3-BBC6-35BA17C52523}.Release|Any CPU.Build.0 = Release|Any CPU
		{4FA18407-DAF4-45D7-BB19-B2A867E09E68}.Debug|Any CPU.ActiveCfg = Debug|Any CPU
		{4FA18407-DAF4-45D7-BB19-B2A867E09E68}.Debug|Any CPU.Build.0 = Debug|Any CPU
		{4FA18407-DAF4-45D7-BB19-B2A867E09E68}.Release|Any CPU.ActiveCfg = Release|Any CPU
		{4FA18407-DAF4-45D7-BB19-B2A867E09E68}.Release|Any CPU.Build.0 = Release|Any CPU
		{233B4AC6-F731-40CA-9D4B-D593703A076B}.Debug|Any CPU.ActiveCfg = Debug|Any CPU
		{233B4AC6-F731-40CA-9D4B-D593703A076B}.Debug|Any CPU.Build.0 = Debug|Any CPU
		{233B4AC6-F731-40CA-9D4B-D593703A076B}.Release|Any CPU.ActiveCfg = Release|Any CPU
		{233B4AC6-F731-40CA-9D4B-D593703A076B}.Release|Any CPU.Build.0 = Release|Any CPU
	EndGlobalSection
	GlobalSection(SolutionProperties) = preSolution
		HideSolutionNode = FALSE
	EndGlobalSection
	GlobalSection(ExtensibilityGlobals) = postSolution
		SolutionGuid = {DFB8FCFF-8AB4-4EAE-977B-3F85C36001C9}
	EndGlobalSection
EndGlobal
